
Microsoft Visual Studio Solution File, Format Version 12.00
# Visual Studio Version 16
VisualStudioVersion = 16.0.30503.244
MinimumVisualStudioVersion = 10.0.40219.1
Project("{FAE04EC0-301F-11D3-BF4B-00C04F79EFBC}") = "Zahlenconverter", "Zahlenconverter\Zahlenconverter.csproj", "{CD7A0A25-2858-46B7-A189-D39F95DF2503}"
EndProject
Global
	GlobalSection(SolutionConfigurationPlatforms) = preSolution
		Debug|Any CPU = Debug|Any CPU
		Release|Any CPU = Release|Any CPU
	EndGlobalSection
	GlobalSection(ProjectConfigurationPlatforms) = postSolution
		{CD7A0A25-2858-46B7-A189-D39F95DF2503}.Debug|Any CPU.ActiveCfg = Debug|Any CPU
		{CD7A0A25-2858-46B7-A189-D39F95DF2503}.Debug|Any CPU.Build.0 = Debug|Any CPU
		{CD7A0A25-2858-46B7-A189-D39F95DF2503}.Release|Any CPU.ActiveCfg = Release|Any CPU
		{CD7A0A25-2858-46B7-A189-D39F95DF2503}.Release|Any CPU.Build.0 = Release|Any CPU
	EndGlobalSection
	GlobalSection(SolutionProperties) = preSolution
		HideSolutionNode = FALSE
	EndGlobalSection
	GlobalSection(ExtensibilityGlobals) = postSolution
		SolutionGuid = {330EBF48-98DE-4218-8C56-209AE9BF1F69}
	EndGlobalSection
EndGlobal
